
Microsoft Visual Studio Solution File, Format Version 12.00
# Visual Studio Version 17
VisualStudioVersion = 17.11.35222.181
MinimumVisualStudioVersion = 10.0.40219.1
Project("{9A19103F-16F7-4668-BE54-9A1E7A4F7556}") = "Задание 2, упр 1", "Задание 2, упр 1\Задание 2, упр 1.csproj", "{C7BB82FF-0F81-471A-95D3-7DFB9EFD36FF}"
EndProject
Project("{9A19103F-16F7-4668-BE54-9A1E7A4F7556}") = "Задание 1, Упражнение 2.2", "Задание 1, Упражнение 2.2\Задание 1, Упражнение 2.2.csproj", "{F056C052-9F31-4553-8EFD-8B1B4EBC6D4A}"
EndProject
Project("{9A19103F-16F7-4668-BE54-9A1E7A4F7556}") = "Задание 1, Упражнение 2.1", "Задание 1, Упражнение 2.1\Задание 1, Упражнение 2.1.csproj", "{C772944B-717E-4612-B9EE-76691BB518AA}"
EndProject
Project("{9A19103F-16F7-4668-BE54-9A1E7A4F7556}") = "Задание 2, упр 2", "Задание 2, упр 2\Задание 2, упр 2.csproj", "{CE39BC2F-DE0C-4426-9215-8DE554F4CA13}"
EndProject
Project("{9A19103F-16F7-4668-BE54-9A1E7A4F7556}") = "Задание 2, упр 4", "Задание 2, упр 4\Задание 2, упр 4.csproj", "{5CCD191B-4566-4A5B-8639-F9AFCB5D2F79}"
EndProject
Project("{9A19103F-16F7-4668-BE54-9A1E7A4F7556}") = "Задание 2, упр 3", "Задание 2, упр 3\Задание 2, упр 3.csproj", "{C955CE21-17A8-43EC-AB3B-5F1FA9E15FF8}"
EndProject
Project("{9A19103F-16F7-4668-BE54-9A1E7A4F7556}") = "Задание 2, упр 5", "Задание 2, упр 5\Задание 2, упр 5.csproj", "{EC3913E7-4436-4518-8716-8503131DD0A4}"
EndProject
Project("{9A19103F-16F7-4668-BE54-9A1E7A4F7556}") = "Задание 2, упр 6", "Задание 2, упр 6\Задание 2, упр 6.csproj", "{3779B9E3-D47D-4B77-B6B8-269B79C82D7A}"
EndProject
Project("{9A19103F-16F7-4668-BE54-9A1E7A4F7556}") = "Задание 2, упр 7", "Задание 2, упр 7\Задание 2, упр 7.csproj", "{8055C5FF-EB93-43E7-AE74-F688C60354C9}"
EndProject
Project("{9A19103F-16F7-4668-BE54-9A1E7A4F7556}") = "Задание 2, упр 8", "Задание 2, упр 8\Задание 2, упр 8.csproj", "{287517C8-222A-4E44-AC0B-08E6D7F14B63}"
EndProject
Project("{FAE04EC0-301F-11D3-BF4B-00C04F79EFBC}") = "Задание 2, упр 9", "Задание 2, упр 9\Задание 2, упр 9.csproj", "{75CE25EC-CF00-403C-91E3-D548E292FD16}"
EndProject
Global
	GlobalSection(SolutionConfigurationPlatforms) = preSolution
		Debug|Any CPU = Debug|Any CPU
		Release|Any CPU = Release|Any CPU
	EndGlobalSection
	GlobalSection(ProjectConfigurationPlatforms) = postSolution
		{C7BB82FF-0F81-471A-95D3-7DFB9EFD36FF}.Debug|Any CPU.ActiveCfg = Debug|Any CPU
		{C7BB82FF-0F81-471A-95D3-7DFB9EFD36FF}.Debug|Any CPU.Build.0 = Debug|Any CPU
		{C7BB82FF-0F81-471A-95D3-7DFB9EFD36FF}.Release|Any CPU.ActiveCfg = Release|Any CPU
		{C7BB82FF-0F81-471A-95D3-7DFB9EFD36FF}.Release|Any CPU.Build.0 = Release|Any CPU
		{F056C052-9F31-4553-8EFD-8B1B4EBC6D4A}.Debug|Any CPU.ActiveCfg = Debug|Any CPU
		{F056C052-9F31-4553-8EFD-8B1B4EBC6D4A}.Debug|Any CPU.Build.0 = Debug|Any CPU
		{F056C052-9F31-4553-8EFD-8B1B4EBC6D4A}.Release|Any CPU.ActiveCfg = Release|Any CPU
		{F056C052-9F31-4553-8EFD-8B1B4EBC6D4A}.Release|Any CPU.Build.0 = Release|Any CPU
		{C772944B-717E-4612-B9EE-76691BB518AA}.Debug|Any CPU.ActiveCfg = Debug|Any CPU
		{C772944B-717E-4612-B9EE-76691BB518AA}.Debug|Any CPU.Build.0 = Debug|Any CPU
		{C772944B-717E-4612-B9EE-76691BB518AA}.Release|Any CPU.ActiveCfg = Release|Any CPU
		{C772944B-717E-4612-B9EE-76691BB518AA}.Release|Any CPU.Build.0 = Release|Any CPU
		{CE39BC2F-DE0C-4426-9215-8DE554F4CA13}.Debug|Any CPU.ActiveCfg = Debug|Any CPU
		{CE39BC2F-DE0C-4426-9215-8DE554F4CA13}.Debug|Any CPU.Build.0 = Debug|Any CPU
		{CE39BC2F-DE0C-4426-9215-8DE554F4CA13}.Release|Any CPU.ActiveCfg = Release|Any CPU
		{CE39BC2F-DE0C-4426-9215-8DE554F4CA13}.Release|Any CPU.Build.0 = Release|Any CPU
		{5CCD191B-4566-4A5B-8639-F9AFCB5D2F79}.Debug|Any CPU.ActiveCfg = Debug|Any CPU
		{5CCD191B-4566-4A5B-8639-F9AFCB5D2F79}.Debug|Any CPU.Build.0 = Debug|Any CPU
		{5CCD191B-4566-4A5B-8639-F9AFCB5D2F79}.Release|Any CPU.ActiveCfg = Release|Any CPU
		{5CCD191B-4566-4A5B-8639-F9AFCB5D2F79}.Release|Any CPU.Build.0 = Release|Any CPU
		{C955CE21-17A8-43EC-AB3B-5F1FA9E15FF8}.Debug|Any CPU.ActiveCfg = Debug|Any CPU
		{C955CE21-17A8-43EC-AB3B-5F1FA9E15FF8}.Debug|Any CPU.Build.0 = Debug|Any CPU
		{C955CE21-17A8-43EC-AB3B-5F1FA9E15FF8}.Release|Any CPU.ActiveCfg = Release|Any CPU
		{C955CE21-17A8-43EC-AB3B-5F1FA9E15FF8}.Release|Any CPU.Build.0 = Release|Any CPU
		{EC3913E7-4436-4518-8716-8503131DD0A4}.Debug|Any CPU.ActiveCfg = Debug|Any CPU
		{EC3913E7-4436-4518-8716-8503131DD0A4}.Debug|Any CPU.Build.0 = Debug|Any CPU
		{EC3913E7-4436-4518-8716-8503131DD0A4}.Release|Any CPU.ActiveCfg = Release|Any CPU
		{EC3913E7-4436-4518-8716-8503131DD0A4}.Release|Any CPU.Build.0 = Release|Any CPU
		{3779B9E3-D47D-4B77-B6B8-269B79C82D7A}.Debug|Any CPU.ActiveCfg = Debug|Any CPU
		{3779B9E3-D47D-4B77-B6B8-269B79C82D7A}.Debug|Any CPU.Build.0 = Debug|Any CPU
		{3779B9E3-D47D-4B77-B6B8-269B79C82D7A}.Release|Any CPU.ActiveCfg = Release|Any CPU
		{3779B9E3-D47D-4B77-B6B8-269B79C82D7A}.Release|Any CPU.Build.0 = Release|Any CPU
		{8055C5FF-EB93-43E7-AE74-F688C60354C9}.Debug|Any CPU.ActiveCfg = Debug|Any CPU
		{8055C5FF-EB93-43E7-AE74-F688C60354C9}.Debug|Any CPU.Build.0 = Debug|Any CPU
		{8055C5FF-EB93-43E7-AE74-F688C60354C9}.Release|Any CPU.ActiveCfg = Release|Any CPU
		{8055C5FF-EB93-43E7-AE74-F688C60354C9}.Release|Any CPU.Build.0 = Release|Any CPU
		{287517C8-222A-4E44-AC0B-08E6D7F14B63}.Debug|Any CPU.ActiveCfg = Debug|Any CPU
		{287517C8-222A-4E44-AC0B-08E6D7F14B63}.Debug|Any CPU.Build.0 = Debug|Any CPU
		{287517C8-222A-4E44-AC0B-08E6D7F14B63}.Release|Any CPU.ActiveCfg = Release|Any CPU
		{287517C8-222A-4E44-AC0B-08E6D7F14B63}.Release|Any CPU.Build.0 = Release|Any CPU
		{75CE25EC-CF00-403C-91E3-D548E292FD16}.Debug|Any CPU.ActiveCfg = Debug|Any CPU
		{75CE25EC-CF00-403C-91E3-D548E292FD16}.Debug|Any CPU.Build.0 = Debug|Any CPU
		{75CE25EC-CF00-403C-91E3-D548E292FD16}.Release|Any CPU.ActiveCfg = Release|Any CPU
		{75CE25EC-CF00-403C-91E3-D548E292FD16}.Release|Any CPU.Build.0 = Release|Any CPU
	EndGlobalSection
	GlobalSection(SolutionProperties) = preSolution
		HideSolutionNode = FALSE
	EndGlobalSection
	GlobalSection(ExtensibilityGlobals) = postSolution
		SolutionGuid = {94F1F6E6-D21F-45C1-9735-5C2124E582C5}
	EndGlobalSection
EndGlobal
